
Microsoft Visual Studio Solution File, Format Version 12.00
# Visual Studio 15
VisualStudioVersion = 15.0.28010.2003
MinimumVisualStudioVersion = 10.0.40219.1
Project("{9A19103F-16F7-4668-BE54-9A1E7A4F7556}") = "Akka.Monitoring", "src\Akka.Monitoring\Akka.Monitoring.csproj", "{3D7D15D3-A142-43A0-96BD-281DEA10EBD9}"
EndProject
Project("{9A19103F-16F7-4668-BE54-9A1E7A4F7556}") = "Akka.Monitoring.ApplicationInsights", "src\Akka.Monitoring.ApplicationInsights\Akka.Monitoring.ApplicationInsights.csproj", "{277C99F4-55E2-4FEA-A98F-6AF766910037}"
EndProject
Project("{9A19103F-16F7-4668-BE54-9A1E7A4F7556}") = "Akka.Monitoring.ApplicationInsights.Demo", "src\Akka.Monitoring.ApplicationInsights.Demo\Akka.Monitoring.ApplicationInsights.Demo.csproj", "{9B8A20CF-CB9E-4AE0-9A02-DBA7D3FF3146}"
EndProject
Project("{9A19103F-16F7-4668-BE54-9A1E7A4F7556}") = "Akka.Monitoring.PerformanceCounters", "src\Akka.Monitoring.PerformanceCounters\Akka.Monitoring.PerformanceCounters.csproj", "{E32EDCC3-4375-487D-8D07-C00CE0C779A3}"
EndProject
Project("{9A19103F-16F7-4668-BE54-9A1E7A4F7556}") = "Akka.Monitoring.PerformanceCounters.Demo", "src\Akka.Monitoring.PerformanceCounters.Demo\Akka.Monitoring.PerformanceCounters.Demo.csproj", "{AC5626AF-A915-4D35-BD4C-996B742C0A2E}"
EndProject
Project("{9A19103F-16F7-4668-BE54-9A1E7A4F7556}") = "Akka.Monitoring.StatsD", "src\Akka.Monitoring.StatsD\Akka.Monitoring.StatsD.csproj", "{FA1D017D-9C48-4ADF-B443-1C7FA90D7DBA}"
EndProject
Project("{9A19103F-16F7-4668-BE54-9A1E7A4F7556}") = "Akka.Monitoring.StatsD.Demo", "src\Akka.Monitoring.StatsD.Demo\Akka.Monitoring.StatsD.Demo.csproj", "{CB7AFE03-84E9-4A60-948C-5CFB951EC8EA}"
EndProject
Project("{2150E333-8FDC-42A3-9474-1A3956D46DE8}") = "Clients", "Clients", "{067A1885-DD58-44EB-8AB8-F9FFF03D0570}"
EndProject
Project("{2150E333-8FDC-42A3-9474-1A3956D46DE8}") = "Solution-Items", "Solution-Items", "{E71D5F84-38B7-488C-9CAF-76AC837B9A4A}"
EndProject
Global
	GlobalSection(SolutionConfigurationPlatforms) = preSolution
		Debug|Any CPU = Debug|Any CPU
		Release|Any CPU = Release|Any CPU
	EndGlobalSection
	GlobalSection(ProjectConfigurationPlatforms) = postSolution
		{3D7D15D3-A142-43A0-96BD-281DEA10EBD9}.Debug|Any CPU.ActiveCfg = Debug|Any CPU
		{3D7D15D3-A142-43A0-96BD-281DEA10EBD9}.Debug|Any CPU.Build.0 = Debug|Any CPU
		{3D7D15D3-A142-43A0-96BD-281DEA10EBD9}.Release|Any CPU.ActiveCfg = Release|Any CPU
		{3D7D15D3-A142-43A0-96BD-281DEA10EBD9}.Release|Any CPU.Build.0 = Release|Any CPU
		{277C99F4-55E2-4FEA-A98F-6AF766910037}.Debug|Any CPU.ActiveCfg = Debug|Any CPU
		{277C99F4-55E2-4FEA-A98F-6AF766910037}.Debug|Any CPU.Build.0 = Debug|Any CPU
		{277C99F4-55E2-4FEA-A98F-6AF766910037}.Release|Any CPU.ActiveCfg = Release|Any CPU
		{277C99F4-55E2-4FEA-A98F-6AF766910037}.Release|Any CPU.Build.0 = Release|Any CPU
		{9B8A20CF-CB9E-4AE0-9A02-DBA7D3FF3146}.Debug|Any CPU.ActiveCfg = Debug|Any CPU
		{9B8A20CF-CB9E-4AE0-9A02-DBA7D3FF3146}.Debug|Any CPU.Build.0 = Debug|Any CPU
		{9B8A20CF-CB9E-4AE0-9A02-DBA7D3FF3146}.Release|Any CPU.ActiveCfg = Release|Any CPU
		{9B8A20CF-CB9E-4AE0-9A02-DBA7D3FF3146}.Release|Any CPU.Build.0 = Release|Any CPU
		{E32EDCC3-4375-487D-8D07-C00CE0C779A3}.Debug|Any CPU.ActiveCfg = Debug|Any CPU
		{E32EDCC3-4375-487D-8D07-C00CE0C779A3}.Debug|Any CPU.Build.0 = Debug|Any CPU
		{E32EDCC3-4375-487D-8D07-C00CE0C779A3}.Release|Any CPU.ActiveCfg = Release|Any CPU
		{E32EDCC3-4375-487D-8D07-C00CE0C779A3}.Release|Any CPU.Build.0 = Release|Any CPU
		{AC5626AF-A915-4D35-BD4C-996B742C0A2E}.Debug|Any CPU.ActiveCfg = Debug|Any CPU
		{AC5626AF-A915-4D35-BD4C-996B742C0A2E}.Debug|Any CPU.Build.0 = Debug|Any CPU
		{AC5626AF-A915-4D35-BD4C-996B742C0A2E}.Release|Any CPU.ActiveCfg = Release|Any CPU
		{AC5626AF-A915-4D35-BD4C-996B742C0A2E}.Release|Any CPU.Build.0 = Release|Any CPU
		{FA1D017D-9C48-4ADF-B443-1C7FA90D7DBA}.Debug|Any CPU.ActiveCfg = Debug|Any CPU
		{FA1D017D-9C48-4ADF-B443-1C7FA90D7DBA}.Debug|Any CPU.Build.0 = Debug|Any CPU
		{FA1D017D-9C48-4ADF-B443-1C7FA90D7DBA}.Release|Any CPU.ActiveCfg = Release|Any CPU
		{FA1D017D-9C48-4ADF-B443-1C7FA90D7DBA}.Release|Any CPU.Build.0 = Release|Any CPU
		{CB7AFE03-84E9-4A60-948C-5CFB951EC8EA}.Debug|Any CPU.ActiveCfg = Debug|Any CPU
		{CB7AFE03-84E9-4A60-948C-5CFB951EC8EA}.Debug|Any CPU.Build.0 = Debug|Any CPU
		{CB7AFE03-84E9-4A60-948C-5CFB951EC8EA}.Release|Any CPU.ActiveCfg = Release|Any CPU
		{CB7AFE03-84E9-4A60-948C-5CFB951EC8EA}.Release|Any CPU.Build.0 = Release|Any CPU
	EndGlobalSection
	GlobalSection(SolutionProperties) = preSolution
		HideSolutionNode = FALSE
	EndGlobalSection
	GlobalSection(NestedProjects) = preSolution
		{277C99F4-55E2-4FEA-A98F-6AF766910037} = {067A1885-DD58-44EB-8AB8-F9FFF03D0570}
		{9B8A20CF-CB9E-4AE0-9A02-DBA7D3FF3146} = {067A1885-DD58-44EB-8AB8-F9FFF03D0570}
		{E32EDCC3-4375-487D-8D07-C00CE0C779A3} = {067A1885-DD58-44EB-8AB8-F9FFF03D0570}
		{AC5626AF-A915-4D35-BD4C-996B742C0A2E} = {067A1885-DD58-44EB-8AB8-F9FFF03D0570}
		{FA1D017D-9C48-4ADF-B443-1C7FA90D7DBA} = {067A1885-DD58-44EB-8AB8-F9FFF03D0570}
		{CB7AFE03-84E9-4A60-948C-5CFB951EC8EA} = {067A1885-DD58-44EB-8AB8-F9FFF03D0570}
	EndGlobalSection
	GlobalSection(ExtensibilityGlobals) = postSolution
		SolutionGuid = {D2FAC981-F002-4B08-B62D-D961A7B70CAD}
	EndGlobalSection
EndGlobal
